# This file is autogenerated, do not edit; changes may be undone by the next 'dep ensure'.


[[projects]]
  branch = "master"
  name = "github.com/kami-zh/go-capturer"
  packages = ["."]
  revision = "e492ea43421da7381e5200a2e22753bfc31347c2"

[solve-meta]
  analyzer-name = "dep"
  analyzer-version = 1
  inputs-digest = "a20592d6d9418013939104f7a8294ef81b2b16e5f039ce29139909b2798c6bde"
  solver-name = "gps-cdcl"
  solver-version = 1
